
Microsoft Visual Studio Solution File, Format Version 12.00
# Visual Studio Version 16
VisualStudioVersion = 16.0.29418.71
MinimumVisualStudioVersion = 10.0.40219.1
Project("{FAE04EC0-301F-11D3-BF4B-00C04F79EFBC}") = "ServisYonetimSistemi.App", "ServisYonetimSistemi.App.csproj", "{92DC4E34-F9EB-4915-BD34-DE05CA077D88}"
EndProject
Global
	GlobalSection(SolutionConfigurationPlatforms) = preSolution
		Debug|Any CPU = Debug|Any CPU
		Release|Any CPU = Release|Any CPU
	EndGlobalSection
	GlobalSection(ProjectConfigurationPlatforms) = postSolution
		{92DC4E34-F9EB-4915-BD34-DE05CA077D88}.Debug|Any CPU.ActiveCfg = Debug|Any CPU
		{92DC4E34-F9EB-4915-BD34-DE05CA077D88}.Debug|Any CPU.Build.0 = Debug|Any CPU
		{92DC4E34-F9EB-4915-BD34-DE05CA077D88}.Release|Any CPU.ActiveCfg = Release|Any CPU
		{92DC4E34-F9EB-4915-BD34-DE05CA077D88}.Release|Any CPU.Build.0 = Release|Any CPU
	EndGlobalSection
	GlobalSection(SolutionProperties) = preSolution
		HideSolutionNode = FALSE
	EndGlobalSection
	GlobalSection(ExtensibilityGlobals) = postSolution
		SolutionGuid = {D608A228-470E-4799-9480-017CFADEF49C}
	EndGlobalSection
EndGlobal
