
Microsoft Visual Studio Solution File, Format Version 12.00
# Visual Studio Version 16
VisualStudioVersion = 16.0.29409.12
MinimumVisualStudioVersion = 10.0.40219.1
Project("{FAE04EC0-301F-11D3-BF4B-00C04F79EFBC}") = "OddEvenStars.App", "OddEvenStars.App.csproj", "{B3B94670-093B-42A0-BC45-C3053D93860D}"
EndProject
Global
	GlobalSection(SolutionConfigurationPlatforms) = preSolution
		Debug|Any CPU = Debug|Any CPU
		Release|Any CPU = Release|Any CPU
	EndGlobalSection
	GlobalSection(ProjectConfigurationPlatforms) = postSolution
		{B3B94670-093B-42A0-BC45-C3053D93860D}.Debug|Any CPU.ActiveCfg = Debug|Any CPU
		{B3B94670-093B-42A0-BC45-C3053D93860D}.Debug|Any CPU.Build.0 = Debug|Any CPU
		{B3B94670-093B-42A0-BC45-C3053D93860D}.Release|Any CPU.ActiveCfg = Release|Any CPU
		{B3B94670-093B-42A0-BC45-C3053D93860D}.Release|Any CPU.Build.0 = Release|Any CPU
	EndGlobalSection
	GlobalSection(SolutionProperties) = preSolution
		HideSolutionNode = FALSE
	EndGlobalSection
	GlobalSection(ExtensibilityGlobals) = postSolution
		SolutionGuid = {74D4E0B4-99C5-4546-9AD6-AE0A8D0AA461}
	EndGlobalSection
EndGlobal
