
Microsoft Visual Studio Solution File, Format Version 12.00
# Visual Studio Version 16
VisualStudioVersion = 16.0.29418.71
MinimumVisualStudioVersion = 10.0.40219.1
Project("{FAE04EC0-301F-11D3-BF4B-00C04F79EFBC}") = "SanalBebek.App", "SanalBebek.App.csproj", "{EB6E5D64-D9BB-4075-82DD-73CB2CA682EE}"
EndProject
Global
	GlobalSection(SolutionConfigurationPlatforms) = preSolution
		Debug|Any CPU = Debug|Any CPU
		Release|Any CPU = Release|Any CPU
	EndGlobalSection
	GlobalSection(ProjectConfigurationPlatforms) = postSolution
		{EB6E5D64-D9BB-4075-82DD-73CB2CA682EE}.Debug|Any CPU.ActiveCfg = Debug|Any CPU
		{EB6E5D64-D9BB-4075-82DD-73CB2CA682EE}.Debug|Any CPU.Build.0 = Debug|Any CPU
		{EB6E5D64-D9BB-4075-82DD-73CB2CA682EE}.Release|Any CPU.ActiveCfg = Release|Any CPU
		{EB6E5D64-D9BB-4075-82DD-73CB2CA682EE}.Release|Any CPU.Build.0 = Release|Any CPU
	EndGlobalSection
	GlobalSection(SolutionProperties) = preSolution
		HideSolutionNode = FALSE
	EndGlobalSection
	GlobalSection(ExtensibilityGlobals) = postSolution
		SolutionGuid = {9128ED41-7E83-4238-8600-133A703F9C9C}
	EndGlobalSection
EndGlobal
